
Microsoft Visual Studio Solution File, Format Version 12.00
# Visual Studio 15
VisualStudioVersion = 15.0.28307.489
MinimumVisualStudioVersion = 10.0.40219.1
Project("{FAE04EC0-301F-11D3-BF4B-00C04F79EFBC}") = "EBay.Services", "EBay.Services\EBay.Services.csproj", "{66D1F6CE-CBC8-41F2-B122-D0FA89F8C47E}"
EndProject
Project("{FAE04EC0-301F-11D3-BF4B-00C04F79EFBC}") = "Contracts", "Contracts\Contracts.csproj", "{19714EAD-92A0-4DBE-953D-010D632A7027}"
EndProject
Project("{FAE04EC0-301F-11D3-BF4B-00C04F79EFBC}") = "Ebay.BLL", "Ebay.BLL\Ebay.BLL.csproj", "{61080D48-DED0-4063-966E-5385A67485A9}"
EndProject
Project("{FAE04EC0-301F-11D3-BF4B-00C04F79EFBC}") = "Ebay.DAL", "Ebay.DAL\Ebay.DAL.csproj", "{C319163A-33DA-4D96-BE2E-DE0E8A53F88A}"
EndProject
Project("{FAE04EC0-301F-11D3-BF4B-00C04F79EFBC}") = "Ebay.Common", "Ebay.Common\Ebay.Common.csproj", "{617438A7-C7D4-457B-96AA-FA332674AF2E}"
EndProject
Project("{9A19103F-16F7-4668-BE54-9A1E7A4F7556}") = "Angular_Aplication", "Angular_Aplication\Angular_Aplication.csproj", "{D8846DC9-3013-4CBB-A690-C83FAA47567C}"
EndProject
Project("{FAE04EC0-301F-11D3-BF4B-00C04F79EFBC}") = "Entity", "Entity\Entity.csproj", "{5F2CEEB7-4846-41D8-AC9E-0BC77066DDE4}"
EndProject
Global
	GlobalSection(SolutionConfigurationPlatforms) = preSolution
		Debug|Any CPU = Debug|Any CPU
		Release|Any CPU = Release|Any CPU
	EndGlobalSection
	GlobalSection(ProjectConfigurationPlatforms) = postSolution
		{66D1F6CE-CBC8-41F2-B122-D0FA89F8C47E}.Debug|Any CPU.ActiveCfg = Debug|Any CPU
		{66D1F6CE-CBC8-41F2-B122-D0FA89F8C47E}.Debug|Any CPU.Build.0 = Debug|Any CPU
		{66D1F6CE-CBC8-41F2-B122-D0FA89F8C47E}.Release|Any CPU.ActiveCfg = Release|Any CPU
		{66D1F6CE-CBC8-41F2-B122-D0FA89F8C47E}.Release|Any CPU.Build.0 = Release|Any CPU
		{19714EAD-92A0-4DBE-953D-010D632A7027}.Debug|Any CPU.ActiveCfg = Debug|Any CPU
		{19714EAD-92A0-4DBE-953D-010D632A7027}.Debug|Any CPU.Build.0 = Debug|Any CPU
		{19714EAD-92A0-4DBE-953D-010D632A7027}.Release|Any CPU.ActiveCfg = Release|Any CPU
		{19714EAD-92A0-4DBE-953D-010D632A7027}.Release|Any CPU.Build.0 = Release|Any CPU
		{61080D48-DED0-4063-966E-5385A67485A9}.Debug|Any CPU.ActiveCfg = Debug|Any CPU
		{61080D48-DED0-4063-966E-5385A67485A9}.Debug|Any CPU.Build.0 = Debug|Any CPU
		{61080D48-DED0-4063-966E-5385A67485A9}.Release|Any CPU.ActiveCfg = Release|Any CPU
		{61080D48-DED0-4063-966E-5385A67485A9}.Release|Any CPU.Build.0 = Release|Any CPU
		{C319163A-33DA-4D96-BE2E-DE0E8A53F88A}.Debug|Any CPU.ActiveCfg = Debug|Any CPU
		{C319163A-33DA-4D96-BE2E-DE0E8A53F88A}.Debug|Any CPU.Build.0 = Debug|Any CPU
		{C319163A-33DA-4D96-BE2E-DE0E8A53F88A}.Release|Any CPU.ActiveCfg = Release|Any CPU
		{C319163A-33DA-4D96-BE2E-DE0E8A53F88A}.Release|Any CPU.Build.0 = Release|Any CPU
		{617438A7-C7D4-457B-96AA-FA332674AF2E}.Debug|Any CPU.ActiveCfg = Debug|Any CPU
		{617438A7-C7D4-457B-96AA-FA332674AF2E}.Debug|Any CPU.Build.0 = Debug|Any CPU
		{617438A7-C7D4-457B-96AA-FA332674AF2E}.Release|Any CPU.ActiveCfg = Release|Any CPU
		{617438A7-C7D4-457B-96AA-FA332674AF2E}.Release|Any CPU.Build.0 = Release|Any CPU
		{D8846DC9-3013-4CBB-A690-C83FAA47567C}.Debug|Any CPU.ActiveCfg = Debug|Any CPU
		{D8846DC9-3013-4CBB-A690-C83FAA47567C}.Debug|Any CPU.Build.0 = Debug|Any CPU
		{D8846DC9-3013-4CBB-A690-C83FAA47567C}.Release|Any CPU.ActiveCfg = Release|Any CPU
		{D8846DC9-3013-4CBB-A690-C83FAA47567C}.Release|Any CPU.Build.0 = Release|Any CPU
		{5F2CEEB7-4846-41D8-AC9E-0BC77066DDE4}.Debug|Any CPU.ActiveCfg = Debug|Any CPU
		{5F2CEEB7-4846-41D8-AC9E-0BC77066DDE4}.Debug|Any CPU.Build.0 = Debug|Any CPU
		{5F2CEEB7-4846-41D8-AC9E-0BC77066DDE4}.Release|Any CPU.ActiveCfg = Release|Any CPU
		{5F2CEEB7-4846-41D8-AC9E-0BC77066DDE4}.Release|Any CPU.Build.0 = Release|Any CPU
	EndGlobalSection
	GlobalSection(SolutionProperties) = preSolution
		HideSolutionNode = FALSE
	EndGlobalSection
	GlobalSection(ExtensibilityGlobals) = postSolution
		SolutionGuid = {A04D54E8-53A6-45F9-B30B-A65F40287A46}
	EndGlobalSection
EndGlobal
